
Microsoft Visual Studio Solution File, Format Version 12.00
# Visual Studio 15
VisualStudioVersion = 15.0.28307.168
MinimumVisualStudioVersion = 10.0.40219.1
Project("{FAE04EC0-301F-11D3-BF4B-00C04F79EFBC}") = "Lab test 2", "Lab test 2\Lab test 2.csproj", "{7FEEDC90-908D-415E-A39D-2CD6947FA9BD}"
EndProject
Global
	GlobalSection(SolutionConfigurationPlatforms) = preSolution
		Debug|Any CPU = Debug|Any CPU
		Release|Any CPU = Release|Any CPU
	EndGlobalSection
	GlobalSection(ProjectConfigurationPlatforms) = postSolution
		{7FEEDC90-908D-415E-A39D-2CD6947FA9BD}.Debug|Any CPU.ActiveCfg = Debug|Any CPU
		{7FEEDC90-908D-415E-A39D-2CD6947FA9BD}.Debug|Any CPU.Build.0 = Debug|Any CPU
		{7FEEDC90-908D-415E-A39D-2CD6947FA9BD}.Release|Any CPU.ActiveCfg = Release|Any CPU
		{7FEEDC90-908D-415E-A39D-2CD6947FA9BD}.Release|Any CPU.Build.0 = Release|Any CPU
	EndGlobalSection
	GlobalSection(SolutionProperties) = preSolution
		HideSolutionNode = FALSE
	EndGlobalSection
	GlobalSection(ExtensibilityGlobals) = postSolution
		SolutionGuid = {CD3B226F-B90F-4289-926E-5C7DCFD64BFA}
	EndGlobalSection
EndGlobal
